version = 1
revision = 3
requires-python = ">=3.12"

[manifest]
members = [
    "api",
    "ka-ocr",
    "ml-training",
]

[[package]]
name = "api"
version = "0.1.0"
source = { virtual = "api" }

[[package]]
name = "ka-ocr"
version = "0.1.0"
source = { virtual = "." }

[[package]]
name = "ml-training"
version = "0.1.0"
source = { virtual = "ml_training" }
